// !$*UTF8*$!
{
	archiveVersion = 1;
	classes = {
	};
	objectVersion = 50;
	objects = {

/* Begin PBXBuildFile section */
		FA283F5A20F8D76A009BF7EC /* AppDelegate.swift in Sources */ = {isa = PBXBuildFile; fileRef = FA283F5920F8D76A009BF7EC /* AppDelegate.swift */; };
		FA283F5F20F8D76A009BF7EC /* Main.storyboard in Resources */ = {isa = PBXBuildFile; fileRef = FA283F5D20F8D76A009BF7EC /* Main.storyboard */; };
		FA283F6420F8D76B009BF7EC /* LaunchScreen.storyboard in Resources */ = {isa = PBXBuildFile; fileRef = FA283F6220F8D76B009BF7EC /* LaunchScreen.storyboard */; };
		FA283F6D20F8D7BB009BF7EC /* Assets.xcassets in Resources */ = {isa = PBXBuildFile; fileRef = FA283F6C20F8D7BB009BF7EC /* Assets.xcassets */; };
		FA283F7520F8D981009BF7EC /* MonthSelectionView.swift in Sources */ = {isa = PBXBuildFile; fileRef = FA283F7420F8D981009BF7EC /* MonthSelectionView.swift */; };
		FA283F7720F8D98A009BF7EC /* MonthSelectionView.xib in Resources */ = {isa = PBXBuildFile; fileRef = FA283F7620F8D98A009BF7EC /* MonthSelectionView.xib */; };
		FA3A74E72100B16600F11457 /* StartButtonView.swift in Sources */ = {isa = PBXBuildFile; fileRef = FA3A74E62100B16600F11457 /* StartButtonView.swift */; };
		FA3A74E92100B18500F11457 /* StartButtonView.xib in Resources */ = {isa = PBXBuildFile; fileRef = FA3A74E82100B18500F11457 /* StartButtonView.xib */; };
		FA3A74EB2100B1C200F11457 /* PauseAndStopButtonView.xib in Resources */ = {isa = PBXBuildFile; fileRef = FA3A74EA2100B1C200F11457 /* PauseAndStopButtonView.xib */; };
		FA3A74ED2100B1CC00F11457 /* ContinueButtonView.xib in Resources */ = {isa = PBXBuildFile; fileRef = FA3A74EC2100B1CC00F11457 /* ContinueButtonView.xib */; };
		FA3A74EF2100B1DE00F11457 /* PauseAndStopButtonView.swift in Sources */ = {isa = PBXBuildFile; fileRef = FA3A74EE2100B1DE00F11457 /* PauseAndStopButtonView.swift */; };
		FA3A74F12100B1E500F11457 /* ContinueButtonView.swift in Sources */ = {isa = PBXBuildFile; fileRef = FA3A74F02100B1E500F11457 /* ContinueButtonView.swift */; };
		FA3A74F32100B41000F11457 /* Extensions.swift in Sources */ = {isa = PBXBuildFile; fileRef = FA3A74F22100B41000F11457 /* Extensions.swift */; };
		FA3A74F62100B52C00F11457 /* TimeRecordingViewController.swift in Sources */ = {isa = PBXBuildFile; fileRef = FA3A74F42100B52C00F11457 /* TimeRecordingViewController.swift */; };
		FA3A74F92100B62B00F11457 /* StopwatchView.swift in Sources */ = {isa = PBXBuildFile; fileRef = FA3A74F82100B62B00F11457 /* StopwatchView.swift */; };
		FA3A74FB2100B63400F11457 /* StopwatchView.xib in Resources */ = {isa = PBXBuildFile; fileRef = FA3A74FA2100B63400F11457 /* StopwatchView.xib */; };
		FA3A75032100D3DA00F11457 /* ZeiterfassungTests.swift in Sources */ = {isa = PBXBuildFile; fileRef = FA3A75022100D3DA00F11457 /* ZeiterfassungTests.swift */; };
/* End PBXBuildFile section */

/* Begin PBXContainerItemProxy section */
		FA3A75052100D3DA00F11457 /* PBXContainerItemProxy */ = {
			isa = PBXContainerItemProxy;
			containerPortal = FA283F4E20F8D76A009BF7EC /* Project object */;
			proxyType = 1;
			remoteGlobalIDString = FA283F5520F8D76A009BF7EC;
			remoteInfo = Zeiterfassung;
		};
/* End PBXContainerItemProxy section */

/* Begin PBXFileReference section */
		FA283F5620F8D76A009BF7EC /* Zeiterfassung.app */ = {isa = PBXFileReference; explicitFileType = wrapper.application; includeInIndex = 0; path = Zeiterfassung.app; sourceTree = BUILT_PRODUCTS_DIR; };
		FA283F5920F8D76A009BF7EC /* AppDelegate.swift */ = {isa = PBXFileReference; lastKnownFileType = sourcecode.swift; path = AppDelegate.swift; sourceTree = "<group>"; };
		FA283F5E20F8D76A009BF7EC /* Base */ = {isa = PBXFileReference; lastKnownFileType = file.storyboard; name = Base; path = Base.lproj/Main.storyboard; sourceTree = "<group>"; };
		FA283F6320F8D76B009BF7EC /* Base */ = {isa = PBXFileReference; lastKnownFileType = file.storyboard; name = Base; path = Base.lproj/LaunchScreen.storyboard; sourceTree = "<group>"; };
		FA283F6520F8D76B009BF7EC /* Info.plist */ = {isa = PBXFileReference; lastKnownFileType = text.plist.xml; path = Info.plist; sourceTree = "<group>"; };
		FA283F6C20F8D7BB009BF7EC /* Assets.xcassets */ = {isa = PBXFileReference; lastKnownFileType = folder.assetcatalog; path = Assets.xcassets; sourceTree = "<group>"; };
		FA283F7420F8D981009BF7EC /* MonthSelectionView.swift */ = {isa = PBXFileReference; lastKnownFileType = sourcecode.swift; path = MonthSelectionView.swift; sourceTree = "<group>"; };
		FA283F7620F8D98A009BF7EC /* MonthSelectionView.xib */ = {isa = PBXFileReference; lastKnownFileType = file.xib; path = MonthSelectionView.xib; sourceTree = "<group>"; };
		FA3A74E62100B16600F11457 /* StartButtonView.swift */ = {isa = PBXFileReference; lastKnownFileType = sourcecode.swift; path = StartButtonView.swift; sourceTree = "<group>"; };
		FA3A74E82100B18500F11457 /* StartButtonView.xib */ = {isa = PBXFileReference; lastKnownFileType = file.xib; path = StartButtonView.xib; sourceTree = "<group>"; };
		FA3A74EA2100B1C200F11457 /* PauseAndStopButtonView.xib */ = {isa = PBXFileReference; lastKnownFileType = file.xib; path = PauseAndStopButtonView.xib; sourceTree = "<group>"; };
		FA3A74EC2100B1CC00F11457 /* ContinueButtonView.xib */ = {isa = PBXFileReference; lastKnownFileType = file.xib; path = ContinueButtonView.xib; sourceTree = "<group>"; };
		FA3A74EE2100B1DE00F11457 /* PauseAndStopButtonView.swift */ = {isa = PBXFileReference; lastKnownFileType = sourcecode.swift; path = PauseAndStopButtonView.swift; sourceTree = "<group>"; };
		FA3A74F02100B1E500F11457 /* ContinueButtonView.swift */ = {isa = PBXFileReference; lastKnownFileType = sourcecode.swift; path = ContinueButtonView.swift; sourceTree = "<group>"; };
		FA3A74F22100B41000F11457 /* Extensions.swift */ = {isa = PBXFileReference; lastKnownFileType = sourcecode.swift; path = Extensions.swift; sourceTree = "<group>"; };
		FA3A74F42100B52C00F11457 /* TimeRecordingViewController.swift */ = {isa = PBXFileReference; lastKnownFileType = sourcecode.swift; path = TimeRecordingViewController.swift; sourceTree = "<group>"; };
		FA3A74F82100B62B00F11457 /* StopwatchView.swift */ = {isa = PBXFileReference; lastKnownFileType = sourcecode.swift; path = StopwatchView.swift; sourceTree = "<group>"; };
		FA3A74FA2100B63400F11457 /* StopwatchView.xib */ = {isa = PBXFileReference; lastKnownFileType = file.xib; path = StopwatchView.xib; sourceTree = "<group>"; };
		FA3A75002100D3DA00F11457 /* ZeiterfassungTests.xctest */ = {isa = PBXFileReference; explicitFileType = wrapper.cfbundle; includeInIndex = 0; path = ZeiterfassungTests.xctest; sourceTree = BUILT_PRODUCTS_DIR; };
		FA3A75022100D3DA00F11457 /* ZeiterfassungTests.swift */ = {isa = PBXFileReference; lastKnownFileType = sourcecode.swift; path = ZeiterfassungTests.swift; sourceTree = "<group>"; };
		FA3A75042100D3DA00F11457 /* Info.plist */ = {isa = PBXFileReference; lastKnownFileType = text.plist.xml; path = Info.plist; sourceTree = "<group>"; };
/* End PBXFileReference section */

/* Begin PBXFrameworksBuildPhase section */
		FA283F5320F8D76A009BF7EC /* Frameworks */ = {
			isa = PBXFrameworksBuildPhase;
			buildActionMask = 2147483647;
			files = (
			);
			runOnlyForDeploymentPostprocessing = 0;
		};
		FA3A74FD2100D3DA00F11457 /* Frameworks */ = {
			isa = PBXFrameworksBuildPhase;
			buildActionMask = 2147483647;
			files = (
			);
			runOnlyForDeploymentPostprocessing = 0;
		};
/* End PBXFrameworksBuildPhase section */

/* Begin PBXGroup section */
		FA283F4D20F8D76A009BF7EC = {
			isa = PBXGroup;
			children = (
				FA283F5820F8D76A009BF7EC /* Zeiterfassung */,
				FA3A75012100D3DA00F11457 /* ZeiterfassungTests */,
				FA283F5720F8D76A009BF7EC /* Products */,
			);
			sourceTree = "<group>";
		};
		FA283F5720F8D76A009BF7EC /* Products */ = {
			isa = PBXGroup;
			children = (
				FA283F5620F8D76A009BF7EC /* Zeiterfassung.app */,
				FA3A75002100D3DA00F11457 /* ZeiterfassungTests.xctest */,
			);
			name = Products;
			sourceTree = "<group>";
		};
		FA283F5820F8D76A009BF7EC /* Zeiterfassung */ = {
			isa = PBXGroup;
			children = (
				FA283F5920F8D76A009BF7EC /* AppDelegate.swift */,
				FA283F5D20F8D76A009BF7EC /* Main.storyboard */,
				FA283F7220F8D816009BF7EC /* Modell */,
				FA283F7120F8D80F009BF7EC /* View Controller */,
				FA283F7320F8D951009BF7EC /* Views */,
				FA283F6E20F8D7BF009BF7EC /* Supporting Files */,
			);
			path = Zeiterfassung;
			sourceTree = "<group>";
		};
		FA283F6E20F8D7BF009BF7EC /* Supporting Files */ = {
			isa = PBXGroup;
			children = (
				FA283F6220F8D76B009BF7EC /* LaunchScreen.storyboard */,
				FA283F6C20F8D7BB009BF7EC /* Assets.xcassets */,
				FA283F6520F8D76B009BF7EC /* Info.plist */,
				FA3A74F22100B41000F11457 /* Extensions.swift */,
			);
			name = "Supporting Files";
			sourceTree = "<group>";
		};
		FA283F7120F8D80F009BF7EC /* View Controller */ = {
			isa = PBXGroup;
			children = (
				FA3A74F42100B52C00F11457 /* TimeRecordingViewController.swift */,
			);
			path = "View Controller";
			sourceTree = "<group>";
		};
		FA283F7220F8D816009BF7EC /* Modell */ = {
			isa = PBXGroup;
			children = (
			);
			path = Modell;
			sourceTree = "<group>";
		};
		FA283F7320F8D951009BF7EC /* Views */ = {
			isa = PBXGroup;
			children = (
				FA3A74E52100B13D00F11457 /* Buttons */,
				FA283F7420F8D981009BF7EC /* MonthSelectionView.swift */,
				FA283F7620F8D98A009BF7EC /* MonthSelectionView.xib */,
				FA3A74F82100B62B00F11457 /* StopwatchView.swift */,
				FA3A74FA2100B63400F11457 /* StopwatchView.xib */,
			);
			path = Views;
			sourceTree = "<group>";
		};
		FA3A74E52100B13D00F11457 /* Buttons */ = {
			isa = PBXGroup;
			children = (
				FA3A74E62100B16600F11457 /* StartButtonView.swift */,
				FA3A74E82100B18500F11457 /* StartButtonView.xib */,
				FA3A74EE2100B1DE00F11457 /* PauseAndStopButtonView.swift */,
				FA3A74EA2100B1C200F11457 /* PauseAndStopButtonView.xib */,
				FA3A74F02100B1E500F11457 /* ContinueButtonView.swift */,
				FA3A74EC2100B1CC00F11457 /* ContinueButtonView.xib */,
			);
			path = Buttons;
			sourceTree = "<group>";
		};
		FA3A75012100D3DA00F11457 /* ZeiterfassungTests */ = {
			isa = PBXGroup;
			children = (
				FA3A75022100D3DA00F11457 /* ZeiterfassungTests.swift */,
				FA3A75042100D3DA00F11457 /* Info.plist */,
			);
			path = ZeiterfassungTests;
			sourceTree = "<group>";
		};
/* End PBXGroup section */

/* Begin PBXNativeTarget section */
		FA283F5520F8D76A009BF7EC /* Zeiterfassung */ = {
			isa = PBXNativeTarget;
			buildConfigurationList = FA283F6820F8D76B009BF7EC /* Build configuration list for PBXNativeTarget "Zeiterfassung" */;
			buildPhases = (
				FA283F5220F8D76A009BF7EC /* Sources */,
				FA283F5320F8D76A009BF7EC /* Frameworks */,
				FA283F5420F8D76A009BF7EC /* Resources */,
			);
			buildRules = (
			);
			dependencies = (
			);
			name = Zeiterfassung;
			productName = Zeiterfassung;
			productReference = FA283F5620F8D76A009BF7EC /* Zeiterfassung.app */;
			productType = "com.apple.product-type.application";
		};
		FA3A74FF2100D3DA00F11457 /* ZeiterfassungTests */ = {
			isa = PBXNativeTarget;
			buildConfigurationList = FA3A75072100D3DA00F11457 /* Build configuration list for PBXNativeTarget "ZeiterfassungTests" */;
			buildPhases = (
				FA3A74FC2100D3DA00F11457 /* Sources */,
				FA3A74FD2100D3DA00F11457 /* Frameworks */,
				FA3A74FE2100D3DA00F11457 /* Resources */,
			);
			buildRules = (
			);
			dependencies = (
				FA3A75062100D3DA00F11457 /* PBXTargetDependency */,
			);
			name = ZeiterfassungTests;
			productName = ZeiterfassungTests;
			productReference = FA3A75002100D3DA00F11457 /* ZeiterfassungTests.xctest */;
			productType = "com.apple.product-type.bundle.unit-test";
		};
/* End PBXNativeTarget section */

/* Begin PBXProject section */
		FA283F4E20F8D76A009BF7EC /* Project object */ = {
			isa = PBXProject;
			attributes = {
				LastSwiftUpdateCheck = 0940;
				LastUpgradeCheck = 0940;
				ORGANIZATIONNAME = "Alex Steiner";
				TargetAttributes = {
					FA283F5520F8D76A009BF7EC = {
						CreatedOnToolsVersion = 9.4.1;
					};
					FA3A74FF2100D3DA00F11457 = {
						CreatedOnToolsVersion = 9.4.1;
						TestTargetID = FA283F5520F8D76A009BF7EC;
					};
				};
			};
			buildConfigurationList = FA283F5120F8D76A009BF7EC /* Build configuration list for PBXProject "Zeiterfassung" */;
			compatibilityVersion = "Xcode 9.3";
			developmentRegion = en;
			hasScannedForEncodings = 0;
			knownRegions = (
				en,
				Base,
			);
			mainGroup = FA283F4D20F8D76A009BF7EC;
			productRefGroup = FA283F5720F8D76A009BF7EC /* Products */;
			projectDirPath = "";
			projectRoot = "";
			targets = (
				FA283F5520F8D76A009BF7EC /* Zeiterfassung */,
				FA3A74FF2100D3DA00F11457 /* ZeiterfassungTests */,
			);
		};
/* End PBXProject section */

/* Begin PBXResourcesBuildPhase section */
		FA283F5420F8D76A009BF7EC /* Resources */ = {
			isa = PBXResourcesBuildPhase;
			buildActionMask = 2147483647;
			files = (
				FA283F6420F8D76B009BF7EC /* LaunchScreen.storyboard in Resources */,
				FA3A74FB2100B63400F11457 /* StopwatchView.xib in Resources */,
				FA283F6D20F8D7BB009BF7EC /* Assets.xcassets in Resources */,
				FA283F7720F8D98A009BF7EC /* MonthSelectionView.xib in Resources */,
				FA3A74EB2100B1C200F11457 /* PauseAndStopButtonView.xib in Resources */,
				FA3A74ED2100B1CC00F11457 /* ContinueButtonView.xib in Resources */,
				FA3A74E92100B18500F11457 /* StartButtonView.xib in Resources */,
				FA283F5F20F8D76A009BF7EC /* Main.storyboard in Resources */,
			);
			runOnlyForDeploymentPostprocessing = 0;
		};
		FA3A74FE2100D3DA00F11457 /* Resources */ = {
			isa = PBXResourcesBuildPhase;
			buildActionMask = 2147483647;
			files = (
			);
			runOnlyForDeploymentPostprocessing = 0;
		};
/* End PBXResourcesBuildPhase section */

/* Begin PBXSourcesBuildPhase section */
		FA283F5220F8D76A009BF7EC /* Sources */ = {
			isa = PBXSourcesBuildPhase;
			buildActionMask = 2147483647;
			files = (
				FA3A74E72100B16600F11457 /* StartButtonView.swift in Sources */,
				FA3A74F62100B52C00F11457 /* TimeRecordingViewController.swift in Sources */,
				FA3A74F32100B41000F11457 /* Extensions.swift in Sources */,
				FA3A74EF2100B1DE00F11457 /* PauseAndStopButtonView.swift in Sources */,
				FA283F7520F8D981009BF7EC /* MonthSelectionView.swift in Sources */,
				FA283F5A20F8D76A009BF7EC /* AppDelegate.swift in Sources */,
				FA3A74F92100B62B00F11457 /* StopwatchView.swift in Sources */,
				FA3A74F12100B1E500F11457 /* ContinueButtonView.swift in Sources */,
			);
			runOnlyForDeploymentPostprocessing = 0;
		};
		FA3A74FC2100D3DA00F11457 /* Sources */ = {
			isa = PBXSourcesBuildPhase;
			buildActionMask = 2147483647;
			files = (
				FA3A75032100D3DA00F11457 /* ZeiterfassungTests.swift in Sources */,
			);
			runOnlyForDeploymentPostprocessing = 0;
		};
/* End PBXSourcesBuildPhase section */

/* Begin PBXTargetDependency section */
		FA3A75062100D3DA00F11457 /* PBXTargetDependency */ = {
			isa = PBXTargetDependency;
			target = FA283F5520F8D76A009BF7EC /* Zeiterfassung */;
			targetProxy = FA3A75052100D3DA00F11457 /* PBXContainerItemProxy */;
		};
/* End PBXTargetDependency section */

/* Begin PBXVariantGroup section */
		FA283F5D20F8D76A009BF7EC /* Main.storyboard */ = {
			isa = PBXVariantGroup;
			children = (
				FA283F5E20F8D76A009BF7EC /* Base */,
			);
			name = Main.storyboard;
			sourceTree = "<group>";
		};
		FA283F6220F8D76B009BF7EC /* LaunchScreen.storyboard */ = {
			isa = PBXVariantGroup;
			children = (
				FA283F6320F8D76B009BF7EC /* Base */,
			);
			name = LaunchScreen.storyboard;
			sourceTree = "<group>";
		};
/* End PBXVariantGroup section */

/* Begin XCBuildConfiguration section */
		FA283F6620F8D76B009BF7EC /* Debug */ = {
			isa = XCBuildConfiguration;
			buildSettings = {
				ALWAYS_SEARCH_USER_PATHS = NO;
				CLANG_ANALYZER_NONNULL = YES;
				CLANG_ANALYZER_NUMBER_OBJECT_CONVERSION = YES_AGGRESSIVE;
				CLANG_CXX_LANGUAGE_STANDARD = "gnu++14";
				CLANG_CXX_LIBRARY = "libc++";
				CLANG_ENABLE_MODULES = YES;
				CLANG_ENABLE_OBJC_ARC = YES;
				CLANG_ENABLE_OBJC_WEAK = YES;
				CLANG_WARN_BLOCK_CAPTURE_AUTORELEASING = YES;
				CLANG_WARN_BOOL_CONVERSION = YES;
				CLANG_WARN_COMMA = YES;
				CLANG_WARN_CONSTANT_CONVERSION = YES;
				CLANG_WARN_DEPRECATED_OBJC_IMPLEMENTATIONS = YES;
				CLANG_WARN_DIRECT_OBJC_ISA_USAGE = YES_ERROR;
				CLANG_WARN_DOCUMENTATION_COMMENTS = YES;
				CLANG_WARN_EMPTY_BODY = YES;
				CLANG_WARN_ENUM_CONVERSION = YES;
				CLANG_WARN_INFINITE_RECURSION = YES;
				CLANG_WARN_INT_CONVERSION = YES;
				CLANG_WARN_NON_LITERAL_NULL_CONVERSION = YES;
				CLANG_WARN_OBJC_IMPLICIT_RETAIN_SELF = YES;
				CLANG_WARN_OBJC_LITERAL_CONVERSION = YES;
				CLANG_WARN_OBJC_ROOT_CLASS = YES_ERROR;
				CLANG_WARN_RANGE_LOOP_ANALYSIS = YES;
				CLANG_WARN_STRICT_PROTOTYPES = YES;
				CLANG_WARN_SUSPICIOUS_MOVE = YES;
				CLANG_WARN_UNGUARDED_AVAILABILITY = YES_AGGRESSIVE;
				CLANG_WARN_UNREACHABLE_CODE = YES;
				CLANG_WARN__DUPLICATE_METHOD_MATCH = YES;
				CODE_SIGN_IDENTITY = "iPhone Developer";
				COPY_PHASE_STRIP = NO;
				DEBUG_INFORMATION_FORMAT = dwarf;
				ENABLE_STRICT_OBJC_MSGSEND = YES;
				ENABLE_TESTABILITY = YES;
				GCC_C_LANGUAGE_STANDARD = gnu11;
				GCC_DYNAMIC_NO_PIC = NO;
				GCC_NO_COMMON_BLOCKS = YES;
				GCC_OPTIMIZATION_LEVEL = 0;
				GCC_PREPROCESSOR_DEFINITIONS = (
					"DEBUG=1",
					"$(inherited)",
				);
				GCC_WARN_64_TO_32_BIT_CONVERSION = YES;
				GCC_WARN_ABOUT_RETURN_TYPE = YES_ERROR;
				GCC_WARN_UNDECLARED_SELECTOR = YES;
				GCC_WARN_UNINITIALIZED_AUTOS = YES_AGGRESSIVE;
				GCC_WARN_UNUSED_FUNCTION = YES;
				GCC_WARN_UNUSED_VARIABLE = YES;
				IPHONEOS_DEPLOYMENT_TARGET = 10.0;
				MTL_ENABLE_DEBUG_INFO = YES;
				ONLY_ACTIVE_ARCH = YES;
				SDKROOT = iphoneos;
				SWIFT_ACTIVE_COMPILATION_CONDITIONS = DEBUG;
				SWIFT_OPTIMIZATION_LEVEL = "-Onone";
			};
			name = Debug;
		};
		FA283F6720F8D76B009BF7EC /* Release */ = {
			isa = XCBuildConfiguration;
			buildSettings = {
				ALWAYS_SEARCH_USER_PATHS = NO;
				CLANG_ANALYZER_NONNULL = YES;
				CLANG_ANALYZER_NUMBER_OBJECT_CONVERSION = YES_AGGRESSIVE;
				CLANG_CXX_LANGUAGE_STANDARD = "gnu++14";
				CLANG_CXX_LIBRARY = "libc++";
				CLANG_ENABLE_MODULES = YES;
				CLANG_ENABLE_OBJC_ARC = YES;
				CLANG_ENABLE_OBJC_WEAK = YES;
				CLANG_WARN_BLOCK_CAPTURE_AUTORELEASING = YES;
				CLANG_WARN_BOOL_CONVERSION = YES;
				CLANG_WARN_COMMA = YES;
				CLANG_WARN_CONSTANT_CONVERSION = YES;
				CLANG_WARN_DEPRECATED_OBJC_IMPLEMENTATIONS = YES;
				CLANG_WARN_DIRECT_OBJC_ISA_USAGE = YES_ERROR;
				CLANG_WARN_DOCUMENTATION_COMMENTS = YES;
				CLANG_WARN_EMPTY_BODY = YES;
				CLANG_WARN_ENUM_CONVERSION = YES;
				CLANG_WARN_INFINITE_RECURSION = YES;
				CLANG_WARN_INT_CONVERSION = YES;
				CLANG_WARN_NON_LITERAL_NULL_CONVERSION = YES;
				CLANG_WARN_OBJC_IMPLICIT_RETAIN_SELF = YES;
				CLANG_WARN_OBJC_LITERAL_CONVERSION = YES;
				CLANG_WARN_OBJC_ROOT_CLASS = YES_ERROR;
				CLANG_WARN_RANGE_LOOP_ANALYSIS = YES;
				CLANG_WARN_STRICT_PROTOTYPES = YES;
				CLANG_WARN_SUSPICIOUS_MOVE = YES;
				CLANG_WARN_UNGUARDED_AVAILABILITY = YES_AGGRESSIVE;
				CLANG_WARN_UNREACHABLE_CODE = YES;
				CLANG_WARN__DUPLICATE_METHOD_MATCH = YES;
				CODE_SIGN_IDENTITY = "iPhone Developer";
				COPY_PHASE_STRIP = NO;
				DEBUG_INFORMATION_FORMAT = "dwarf-with-dsym";
				ENABLE_NS_ASSERTIONS = NO;
				ENABLE_STRICT_OBJC_MSGSEND = YES;
				GCC_C_LANGUAGE_STANDARD = gnu11;
				GCC_NO_COMMON_BLOCKS = YES;
				GCC_WARN_64_TO_32_BIT_CONVERSION = YES;
				GCC_WARN_ABOUT_RETURN_TYPE = YES_ERROR;
				GCC_WARN_UNDECLARED_SELECTOR = YES;
				GCC_WARN_UNINITIALIZED_AUTOS = YES_AGGRESSIVE;
				GCC_WARN_UNUSED_FUNCTION = YES;
				GCC_WARN_UNUSED_VARIABLE = YES;
				IPHONEOS_DEPLOYMENT_TARGET = 10.0;
				MTL_ENABLE_DEBUG_INFO = NO;
				SDKROOT = iphoneos;
				SWIFT_COMPILATION_MODE = wholemodule;
				SWIFT_OPTIMIZATION_LEVEL = "-O";
				VALIDATE_PRODUCT = YES;
			};
			name = Release;
		};
		FA283F6920F8D76B009BF7EC /* Debug */ = {
			isa = XCBuildConfiguration;
			buildSettings = {
				ASSETCATALOG_COMPILER_APPICON_NAME = AppIcon;
				CODE_SIGN_STYLE = Automatic;
				DEVELOPMENT_TEAM = DZYTXHVP4K;
				INFOPLIST_FILE = Zeiterfassung/Info.plist;
				LD_RUNPATH_SEARCH_PATHS = (
					"$(inherited)",
					"@executable_path/Frameworks",
				);
				PRODUCT_BUNDLE_IDENTIFIER = de.alexsteiner.Zeiterfassung;
				PRODUCT_NAME = "$(TARGET_NAME)";
				SWIFT_VERSION = 4.0;
				TARGETED_DEVICE_FAMILY = "1,2";
			};
			name = Debug;
		};
		FA283F6A20F8D76B009BF7EC /* Release */ = {
			isa = XCBuildConfiguration;
			buildSettings = {
				ASSETCATALOG_COMPILER_APPICON_NAME = AppIcon;
				CODE_SIGN_STYLE = Automatic;
				DEVELOPMENT_TEAM = DZYTXHVP4K;
				INFOPLIST_FILE = Zeiterfassung/Info.plist;
				LD_RUNPATH_SEARCH_PATHS = (
					"$(inherited)",
					"@executable_path/Frameworks",
				);
				PRODUCT_BUNDLE_IDENTIFIER = de.alexsteiner.Zeiterfassung;
				PRODUCT_NAME = "$(TARGET_NAME)";
				SWIFT_VERSION = 4.0;
				TARGETED_DEVICE_FAMILY = "1,2";
			};
			name = Release;
		};
		FA3A75082100D3DA00F11457 /* Debug */ = {
			isa = XCBuildConfiguration;
			buildSettings = {
				BUNDLE_LOADER = "$(TEST_HOST)";
				CODE_SIGN_STYLE = Automatic;
				DEVELOPMENT_TEAM = DZYTXHVP4K;
				INFOPLIST_FILE = ZeiterfassungTests/Info.plist;
				IPHONEOS_DEPLOYMENT_TARGET = 11.4;
				LD_RUNPATH_SEARCH_PATHS = (
					"$(inherited)",
					"@executable_path/Frameworks",
					"@loader_path/Frameworks",
				);
				PRODUCT_BUNDLE_IDENTIFIER = de.alexsteiner.ZeiterfassungTests;
				PRODUCT_NAME = "$(TARGET_NAME)";
				SWIFT_VERSION = 4.0;
				TARGETED_DEVICE_FAMILY = "1,2";
				TEST_HOST = "$(BUILT_PRODUCTS_DIR)/Zeiterfassung.app/Zeiterfassung";
			};
			name = Debug;
		};
		FA3A75092100D3DA00F11457 /* Release */ = {
			isa = XCBuildConfiguration;
			buildSettings = {
				BUNDLE_LOADER = "$(TEST_HOST)";
				CODE_SIGN_STYLE = Automatic;
				DEVELOPMENT_TEAM = DZYTXHVP4K;
				INFOPLIST_FILE = ZeiterfassungTests/Info.plist;
				IPHONEOS_DEPLOYMENT_TARGET = 11.4;
				LD_RUNPATH_SEARCH_PATHS = (
					"$(inherited)",
					"@executable_path/Frameworks",
					"@loader_path/Frameworks",
				);
				PRODUCT_BUNDLE_IDENTIFIER = de.alexsteiner.ZeiterfassungTests;
				PRODUCT_NAME = "$(TARGET_NAME)";
				SWIFT_VERSION = 4.0;
				TARGETED_DEVICE_FAMILY = "1,2";
				TEST_HOST = "$(BUILT_PRODUCTS_DIR)/Zeiterfassung.app/Zeiterfassung";
			};
			name = Release;
		};
/* End XCBuildConfiguration section */

/* Begin XCConfigurationList section */
		FA283F5120F8D76A009BF7EC /* Build configuration list for PBXProject "Zeiterfassung" */ = {
			isa = XCConfigurationList;
			buildConfigurations = (
				FA283F6620F8D76B009BF7EC /* Debug */,
				FA283F6720F8D76B009BF7EC /* Release */,
			);
			defaultConfigurationIsVisible = 0;
			defaultConfigurationName = Release;
		};
		FA283F6820F8D76B009BF7EC /* Build configuration list for PBXNativeTarget "Zeiterfassung" */ = {
			isa = XCConfigurationList;
			buildConfigurations = (
				FA283F6920F8D76B009BF7EC /* Debug */,
				FA283F6A20F8D76B009BF7EC /* Release */,
			);
			defaultConfigurationIsVisible = 0;
			defaultConfigurationName = Release;
		};
		FA3A75072100D3DA00F11457 /* Build configuration list for PBXNativeTarget "ZeiterfassungTests" */ = {
			isa = XCConfigurationList;
			buildConfigurations = (
				FA3A75082100D3DA00F11457 /* Debug */,
				FA3A75092100D3DA00F11457 /* Release */,
			);
			defaultConfigurationIsVisible = 0;
			defaultConfigurationName = Release;
		};
/* End XCConfigurationList section */
	};
	rootObject = FA283F4E20F8D76A009BF7EC /* Project object */;
}
